PODS:
  - Bolts (1.9.0):
    - Bolts/AppLinks (= 1.9.0)
    - Bolts/Tasks (= 1.9.0)
  - Bolts/AppLinks (1.9.0):
    - Bolts/Tasks
  - Bolts/Tasks (1.9.0)
  - FBSDKCoreKit (4.40.0):
    - Bolts (~> 1.9)
  - FBSDKShareKit (4.40.0):
    - FBSDKCoreKit
  - HWShareUtility (0.2.0):
    - HWShareUtility/Email (= 0.2.0)
    - HWShareUtility/Facebook (= 0.2.0)
    - HWShareUtility/SMS (= 0.2.0)
    - HWShareUtility/Wechat (= 0.2.0)
    - HWShareUtility/WhatsApp (= 0.2.0)
    - Masonry
    - YYCategories
  - HWShareUtility/Email (0.2.0):
    - Masonry
    - YYCategories
  - HWShareUtility/Facebook (0.2.0):
    - FBSDKCoreKit (= 4.40.0)
    - FBSDKShareKit (= 4.40.0)
    - Masonry
    - YYCategories
  - HWShareUtility/SMS (0.2.0):
    - Masonry
    - YYCategories
  - HWShareUtility/Wechat (0.2.0):
    - Masonry
    - WechatOpenSDK (= 1.8.4)
    - YYCategories
  - HWShareUtility/WhatsApp (0.2.0):
    - Masonry
    - YYCategories
  - Masonry (1.1.0)
  - WechatOpenSDK (1.8.4)
  - YYCategories (1.0.4):
    - YYCategories/no-arc (= 1.0.4)
  - YYCategories/no-arc (1.0.4)

DEPENDENCIES:
  - HWShareUtility (from `../`)

SPEC REPOS:
  https://cdn.cocoapods.org/:
    - Bolts
    - FBSDKCoreKit
    - FBSDKShareKit
    - Masonry
    - WechatOpenSDK
    - YYCategories

EXTERNAL SOURCES:
  HWShareUtility:
    :path: "../"

SPEC CHECKSUMS:
  Bolts: ac6567323eac61e203f6a9763667d0f711be34c8
  FBSDKCoreKit: ae214474b25033399c131dc81d258e412582a2ba
  FBSDKShareKit: 0e45916f4150da485928ae2a17ca021950b194f5
  HWShareUtility: e821197e994bd90f5f6b7dfa8c69c9579f9b1757
  Masonry: 678fab65091a9290e40e2832a55e7ab731aad201
  WechatOpenSDK: 9b721089507c895d05f997408c30bb6e6f5f9b60
  YYCategories: 6bcd4314c6661a561410dce4a793379ebd306abd

PODFILE CHECKSUM: b34525c3fe9c271f733f472347ea2871a90d5f3a

COCOAPODS: 1.8.4
